// !$*UTF8*$!
{
	archiveVersion = 1;
	classes = {
	};
	objectVersion = 55;
	objects = {

/* Begin PBXBuildFile section */
		5EAEAB0028512EA40029F5DF /* AppDelegate.swift in Sources */ = {isa = PBXBuildFile; fileRef = 5EAEAAFF28512EA40029F5DF /* AppDelegate.swift */; };
		5EAEAB0228512EA40029F5DF /* SceneDelegate.swift in Sources */ = {isa = PBXBuildFile; fileRef = 5EAEAB0128512EA40029F5DF /* SceneDelegate.swift */; };
		5EAEAB0928512EA60029F5DF /* Assets.xcassets in Resources */ = {isa = PBXBuildFile; fileRef = 5EAEAB0828512EA60029F5DF /* Assets.xcassets */; };
		5EAEAB0C28512EA60029F5DF /* LaunchScreen.storyboard in Resources */ = {isa = PBXBuildFile; fileRef = 5EAEAB0A28512EA60029F5DF /* LaunchScreen.storyboard */; };
		5EAEAB1B28513C7C0029F5DF /* Repository.swift in Sources */ = {isa = PBXBuildFile; fileRef = 5EAEAB1A28513C7C0029F5DF /* Repository.swift */; };
		5EAEAB1E28513C9F0029F5DF /* DBObject.swift in Sources */ = {isa = PBXBuildFile; fileRef = 5EAEAB1D28513C9F0029F5DF /* DBObject.swift */; };
		5EAEAB2428513D070029F5DF /* MainScreenModel.swift in Sources */ = {isa = PBXBuildFile; fileRef = 5EAEAB2328513D070029F5DF /* MainScreenModel.swift */; };
		5EAEAB2628513D150029F5DF /* MainScreenViewModel.swift in Sources */ = {isa = PBXBuildFile; fileRef = 5EAEAB2528513D150029F5DF /* MainScreenViewModel.swift */; };
		5EAEAB2828513D2F0029F5DF /* MainScreenViewController.swift in Sources */ = {isa = PBXBuildFile; fileRef = 5EAEAB2728513D2F0029F5DF /* MainScreenViewController.swift */; };
		5EAEAB2C28513D6C0029F5DF /* MainScreenTableViewCell.swift in Sources */ = {isa = PBXBuildFile; fileRef = 5EAEAB2B28513D6C0029F5DF /* MainScreenTableViewCell.swift */; };
		5EAEAB2E28513D830029F5DF /* MainScreenView.swift in Sources */ = {isa = PBXBuildFile; fileRef = 5EAEAB2D28513D830029F5DF /* MainScreenView.swift */; };
		5EAEAB3128513E000029F5DF /* PlaceView.swift in Sources */ = {isa = PBXBuildFile; fileRef = 5EAEAB3028513E000029F5DF /* PlaceView.swift */; };
		5EAEAB3328513E240029F5DF /* PlaceModel.swift in Sources */ = {isa = PBXBuildFile; fileRef = 5EAEAB3228513E240029F5DF /* PlaceModel.swift */; };
		5EAEAB3528513E2F0029F5DF /* PlaceViewModel.swift in Sources */ = {isa = PBXBuildFile; fileRef = 5EAEAB3428513E2F0029F5DF /* PlaceViewModel.swift */; };
		5EAEAB3728513E3E0029F5DF /* PlaceViewController.swift in Sources */ = {isa = PBXBuildFile; fileRef = 5EAEAB3628513E3E0029F5DF /* PlaceViewController.swift */; };
		5EAEAB3928513E550029F5DF /* RatingControl.swift in Sources */ = {isa = PBXBuildFile; fileRef = 5EAEAB3828513E540029F5DF /* RatingControl.swift */; };
		5EAEAB3C28513EEC0029F5DF /* MapScreenView.swift in Sources */ = {isa = PBXBuildFile; fileRef = 5EAEAB3B28513EEC0029F5DF /* MapScreenView.swift */; };
		5EAEAB3E28513F160029F5DF /* MapScreenModel.swift in Sources */ = {isa = PBXBuildFile; fileRef = 5EAEAB3D28513F160029F5DF /* MapScreenModel.swift */; };
		5EAEAB4028513F300029F5DF /* MapScreenViewModel.swift in Sources */ = {isa = PBXBuildFile; fileRef = 5EAEAB3F28513F300029F5DF /* MapScreenViewModel.swift */; };
		5EAEAB4228513F410029F5DF /* MapScreenViewController.swift in Sources */ = {isa = PBXBuildFile; fileRef = 5EAEAB4128513F410029F5DF /* MapScreenViewController.swift */; };
		5EAEAB4428513F9C0029F5DF /* FilterSettingsViewController.swift in Sources */ = {isa = PBXBuildFile; fileRef = 5EAEAB4328513F9C0029F5DF /* FilterSettingsViewController.swift */; };
		5EAEAB4628513FD70029F5DF /* RealmManager.swift in Sources */ = {isa = PBXBuildFile; fileRef = 5EAEAB4528513FD70029F5DF /* RealmManager.swift */; };
		5EAEAB4828513FFA0029F5DF /* MapManager.swift in Sources */ = {isa = PBXBuildFile; fileRef = 5EAEAB4728513FFA0029F5DF /* MapManager.swift */; };
		5EAEAB4A285140320029F5DF /* UIStackView + Extension.swift in Sources */ = {isa = PBXBuildFile; fileRef = 5EAEAB49285140320029F5DF /* UIStackView + Extension.swift */; };
		5EAEAB4C2851404C0029F5DF /* PlaceViewController + Extension.swift in Sources */ = {isa = PBXBuildFile; fileRef = 5EAEAB4B2851404C0029F5DF /* PlaceViewController + Extension.swift */; };
		5EAEAB4E2851406E0029F5DF /* MainScreenViewController + Extension.swift in Sources */ = {isa = PBXBuildFile; fileRef = 5EAEAB4D2851406E0029F5DF /* MainScreenViewController + Extension.swift */; };
		DF6A610FC5FEBDB01C78BDB5 /* Pods_favplaces.framework in Frameworks */ = {isa = PBXBuildFile; fileRef = 0E1B4640FC4F6982B08988DA /* Pods_favplaces.framework */; };
/* End PBXBuildFile section */

/* Begin PBXFileReference section */
		0E1B4640FC4F6982B08988DA /* Pods_favplaces.framework */ = {isa = PBXFileReference; explicitFileType = wrapper.framework; includeInIndex = 0; path = Pods_favplaces.framework; sourceTree = BUILT_PRODUCTS_DIR; };
		5D28975974787722CC575B5C /* Pods-favplaces.debug.xcconfig */ = {isa = PBXFileReference; includeInIndex = 1; lastKnownFileType = text.xcconfig; name = "Pods-favplaces.debug.xcconfig"; path = "Target Support Files/Pods-favplaces/Pods-favplaces.debug.xcconfig"; sourceTree = "<group>"; };
		5EAEAAFC28512EA40029F5DF /* favplaces.app */ = {isa = PBXFileReference; explicitFileType = wrapper.application; includeInIndex = 0; path = favplaces.app; sourceTree = BUILT_PRODUCTS_DIR; };
		5EAEAAFF28512EA40029F5DF /* AppDelegate.swift */ = {isa = PBXFileReference; lastKnownFileType = sourcecode.swift; path = AppDelegate.swift; sourceTree = "<group>"; };
		5EAEAB0128512EA40029F5DF /* SceneDelegate.swift */ = {isa = PBXFileReference; lastKnownFileType = sourcecode.swift; path = SceneDelegate.swift; sourceTree = "<group>"; };
		5EAEAB0828512EA60029F5DF /* Assets.xcassets */ = {isa = PBXFileReference; lastKnownFileType = folder.assetcatalog; path = Assets.xcassets; sourceTree = "<group>"; };
		5EAEAB0B28512EA60029F5DF /* Base */ = {isa = PBXFileReference; lastKnownFileType = file.storyboard; name = Base; path = Base.lproj/LaunchScreen.storyboard; sourceTree = "<group>"; };
		5EAEAB0D28512EA60029F5DF /* Info.plist */ = {isa = PBXFileReference; lastKnownFileType = text.plist.xml; path = Info.plist; sourceTree = "<group>"; };
		5EAEAB1A28513C7C0029F5DF /* Repository.swift */ = {isa = PBXFileReference; lastKnownFileType = sourcecode.swift; path = Repository.swift; sourceTree = "<group>"; };
		5EAEAB1D28513C9F0029F5DF /* DBObject.swift */ = {isa = PBXFileReference; lastKnownFileType = sourcecode.swift; path = DBObject.swift; sourceTree = "<group>"; };
		5EAEAB2328513D070029F5DF /* MainScreenModel.swift */ = {isa = PBXFileReference; lastKnownFileType = sourcecode.swift; path = MainScreenModel.swift; sourceTree = "<group>"; };
		5EAEAB2528513D150029F5DF /* MainScreenViewModel.swift */ = {isa = PBXFileReference; lastKnownFileType = sourcecode.swift; path = MainScreenViewModel.swift; sourceTree = "<group>"; };
		5EAEAB2728513D2F0029F5DF /* MainScreenViewController.swift */ = {isa = PBXFileReference; lastKnownFileType = sourcecode.swift; path = MainScreenViewController.swift; sourceTree = "<group>"; };
		5EAEAB2B28513D6C0029F5DF /* MainScreenTableViewCell.swift */ = {isa = PBXFileReference; lastKnownFileType = sourcecode.swift; path = MainScreenTableViewCell.swift; sourceTree = "<group>"; };
		5EAEAB2D28513D830029F5DF /* MainScreenView.swift */ = {isa = PBXFileReference; lastKnownFileType = sourcecode.swift; path = MainScreenView.swift; sourceTree = "<group>"; };
		5EAEAB3028513E000029F5DF /* PlaceView.swift */ = {isa = PBXFileReference; lastKnownFileType = sourcecode.swift; path = PlaceView.swift; sourceTree = "<group>"; };
		5EAEAB3228513E240029F5DF /* PlaceModel.swift */ = {isa = PBXFileReference; lastKnownFileType = sourcecode.swift; path = PlaceModel.swift; sourceTree = "<group>"; };
		5EAEAB3428513E2F0029F5DF /* PlaceViewModel.swift */ = {isa = PBXFileReference; lastKnownFileType = sourcecode.swift; path = PlaceViewModel.swift; sourceTree = "<group>"; };
		5EAEAB3628513E3E0029F5DF /* PlaceViewController.swift */ = {isa = PBXFileReference; lastKnownFileType = sourcecode.swift; path = PlaceViewController.swift; sourceTree = "<group>"; };
		5EAEAB3828513E540029F5DF /* RatingControl.swift */ = {isa = PBXFileReference; lastKnownFileType = sourcecode.swift; path = RatingControl.swift; sourceTree = "<group>"; };
		5EAEAB3B28513EEC0029F5DF /* MapScreenView.swift */ = {isa = PBXFileReference; lastKnownFileType = sourcecode.swift; path = MapScreenView.swift; sourceTree = "<group>"; };
		5EAEAB3D28513F160029F5DF /* MapScreenModel.swift */ = {isa = PBXFileReference; lastKnownFileType = sourcecode.swift; path = MapScreenModel.swift; sourceTree = "<group>"; };
		5EAEAB3F28513F300029F5DF /* MapScreenViewModel.swift */ = {isa = PBXFileReference; lastKnownFileType = sourcecode.swift; path = MapScreenViewModel.swift; sourceTree = "<group>"; };
		5EAEAB4128513F410029F5DF /* MapScreenViewController.swift */ = {isa = PBXFileReference; lastKnownFileType = sourcecode.swift; path = MapScreenViewController.swift; sourceTree = "<group>"; };
		5EAEAB4328513F9C0029F5DF /* FilterSettingsViewController.swift */ = {isa = PBXFileReference; lastKnownFileType = sourcecode.swift; path = FilterSettingsViewController.swift; sourceTree = "<group>"; };
		5EAEAB4528513FD70029F5DF /* RealmManager.swift */ = {isa = PBXFileReference; lastKnownFileType = sourcecode.swift; path = RealmManager.swift; sourceTree = "<group>"; };
		5EAEAB4728513FFA0029F5DF /* MapManager.swift */ = {isa = PBXFileReference; lastKnownFileType = sourcecode.swift; path = MapManager.swift; sourceTree = "<group>"; };
		5EAEAB49285140320029F5DF /* UIStackView + Extension.swift */ = {isa = PBXFileReference; lastKnownFileType = sourcecode.swift; path = "UIStackView + Extension.swift"; sourceTree = "<group>"; };
		5EAEAB4B2851404C0029F5DF /* PlaceViewController + Extension.swift */ = {isa = PBXFileReference; lastKnownFileType = sourcecode.swift; path = "PlaceViewController + Extension.swift"; sourceTree = "<group>"; };
		5EAEAB4D2851406E0029F5DF /* MainScreenViewController + Extension.swift */ = {isa = PBXFileReference; lastKnownFileType = sourcecode.swift; path = "MainScreenViewController + Extension.swift"; sourceTree = "<group>"; };
		77CDF24A47ADF4E2D0FBACC8 /* Pods-favplaces.release.xcconfig */ = {isa = PBXFileReference; includeInIndex = 1; lastKnownFileType = text.xcconfig; name = "Pods-favplaces.release.xcconfig"; path = "Target Support Files/Pods-favplaces/Pods-favplaces.release.xcconfig"; sourceTree = "<group>"; };
/* End PBXFileReference section */

/* Begin PBXFrameworksBuildPhase section */
		5EAEAAF928512EA40029F5DF /* Frameworks */ = {
			isa = PBXFrameworksBuildPhase;
			buildActionMask = 2147483647;
			files = (
				DF6A610FC5FEBDB01C78BDB5 /* Pods_favplaces.framework in Frameworks */,
			);
			runOnlyForDeploymentPostprocessing = 0;
		};
/* End PBXFrameworksBuildPhase section */

/* Begin PBXGroup section */
		283325B3C57926F448A38CA7 /* Pods */ = {
			isa = PBXGroup;
			children = (
				5D28975974787722CC575B5C /* Pods-favplaces.debug.xcconfig */,
				77CDF24A47ADF4E2D0FBACC8 /* Pods-favplaces.release.xcconfig */,
			);
			path = Pods;
			sourceTree = "<group>";
		};
		5EAEAAF328512EA40029F5DF = {
			isa = PBXGroup;
			children = (
				5EAEAAFE28512EA40029F5DF /* favplaces */,
				5EAEAAFD28512EA40029F5DF /* Products */,
				283325B3C57926F448A38CA7 /* Pods */,
				98FDF1483D8936B6F3D176D9 /* Frameworks */,
			);
			sourceTree = "<group>";
		};
		5EAEAAFD28512EA40029F5DF /* Products */ = {
			isa = PBXGroup;
			children = (
				5EAEAAFC28512EA40029F5DF /* favplaces.app */,
			);
			name = Products;
			sourceTree = "<group>";
		};
		5EAEAAFE28512EA40029F5DF /* favplaces */ = {
			isa = PBXGroup;
			children = (
				5EAEAB1328513BC30029F5DF /* Application */,
				5EAEAB1628513BE60029F5DF /* Data */,
				5EAEAB1728513BF20029F5DF /* Flows */,
				5EAEAB1528513BDE0029F5DF /* Managers */,
				5EAEAB1828513C040029F5DF /* Extensions */,
				5EAEAB1928513C0D0029F5DF /* Resourses */,
				5EAEAB0D28512EA60029F5DF /* Info.plist */,
			);
			path = favplaces;
			sourceTree = "<group>";
		};
		5EAEAB1328513BC30029F5DF /* Application */ = {
			isa = PBXGroup;
			children = (
				5EAEAAFF28512EA40029F5DF /* AppDelegate.swift */,
				5EAEAB0128512EA40029F5DF /* SceneDelegate.swift */,
			);
			path = Application;
			sourceTree = "<group>";
		};
		5EAEAB1528513BDE0029F5DF /* Managers */ = {
			isa = PBXGroup;
			children = (
				5EAEAB4528513FD70029F5DF /* RealmManager.swift */,
				5EAEAB4728513FFA0029F5DF /* MapManager.swift */,
			);
			path = Managers;
			sourceTree = "<group>";
		};
		5EAEAB1628513BE60029F5DF /* Data */ = {
			isa = PBXGroup;
			children = (
				5EAEAB1C28513C8C0029F5DF /* Models */,
				5EAEAB1A28513C7C0029F5DF /* Repository.swift */,
			);
			path = Data;
			sourceTree = "<group>";
		};
		5EAEAB1728513BF20029F5DF /* Flows */ = {
			isa = PBXGroup;
			children = (
				5EAEAB1F28513CBC0029F5DF /* MainScreen */,
				5EAEAB2028513CC60029F5DF /* PlaceScreen */,
				5EAEAB2128513CCF0029F5DF /* MapScreen */,
				5EAEAB2228513CD60029F5DF /* FilterSettingsScreen */,
			);
			path = Flows;
			sourceTree = "<group>";
		};
		5EAEAB1828513C040029F5DF /* Extensions */ = {
			isa = PBXGroup;
			children = (
				5EAEAB49285140320029F5DF /* UIStackView + Extension.swift */,
				5EAEAB4B2851404C0029F5DF /* PlaceViewController + Extension.swift */,
				5EAEAB4D2851406E0029F5DF /* MainScreenViewController + Extension.swift */,
			);
			path = Extensions;
			sourceTree = "<group>";
		};
		5EAEAB1928513C0D0029F5DF /* Resourses */ = {
			isa = PBXGroup;
			children = (
				5EAEAB0828512EA60029F5DF /* Assets.xcassets */,
				5EAEAB0A28512EA60029F5DF /* LaunchScreen.storyboard */,
			);
			path = Resourses;
			sourceTree = "<group>";
		};
		5EAEAB1C28513C8C0029F5DF /* Models */ = {
			isa = PBXGroup;
			children = (
				5EAEAB1D28513C9F0029F5DF /* DBObject.swift */,
			);
			path = Models;
			sourceTree = "<group>";
		};
		5EAEAB1F28513CBC0029F5DF /* MainScreen */ = {
			isa = PBXGroup;
			children = (
				5EAEAB2928513D350029F5DF /* Cells */,
				5EAEAB2A28513D4B0029F5DF /* Views */,
				5EAEAB2328513D070029F5DF /* MainScreenModel.swift */,
				5EAEAB2528513D150029F5DF /* MainScreenViewModel.swift */,
				5EAEAB2728513D2F0029F5DF /* MainScreenViewController.swift */,
			);
			path = MainScreen;
			sourceTree = "<group>";
		};
		5EAEAB2028513CC60029F5DF /* PlaceScreen */ = {
			isa = PBXGroup;
			children = (
				5EAEAB2F28513DEB0029F5DF /* Views */,
				5EAEAB3228513E240029F5DF /* PlaceModel.swift */,
				5EAEAB3428513E2F0029F5DF /* PlaceViewModel.swift */,
				5EAEAB3628513E3E0029F5DF /* PlaceViewController.swift */,
			);
			path = PlaceScreen;
			sourceTree = "<group>";
		};
		5EAEAB2128513CCF0029F5DF /* MapScreen */ = {
			isa = PBXGroup;
			children = (
				5EAEAB3A28513EC80029F5DF /* Views */,
				5EAEAB3D28513F160029F5DF /* MapScreenModel.swift */,
				5EAEAB3F28513F300029F5DF /* MapScreenViewModel.swift */,
				5EAEAB4128513F410029F5DF /* MapScreenViewController.swift */,
			);
			path = MapScreen;
			sourceTree = "<group>";
		};
		5EAEAB2228513CD60029F5DF /* FilterSettingsScreen */ = {
			isa = PBXGroup;
			children = (
				5EAEAB4328513F9C0029F5DF /* FilterSettingsViewController.swift */,
			);
			path = FilterSettingsScreen;
			sourceTree = "<group>";
		};
		5EAEAB2928513D350029F5DF /* Cells */ = {
			isa = PBXGroup;
			children = (
				5EAEAB2B28513D6C0029F5DF /* MainScreenTableViewCell.swift */,
			);
			path = Cells;
			sourceTree = "<group>";
		};
		5EAEAB2A28513D4B0029F5DF /* Views */ = {
			isa = PBXGroup;
			children = (
				5EAEAB2D28513D830029F5DF /* MainScreenView.swift */,
			);
			path = Views;
			sourceTree = "<group>";
		};
		5EAEAB2F28513DEB0029F5DF /* Views */ = {
			isa = PBXGroup;
			children = (
				5EAEAB3028513E000029F5DF /* PlaceView.swift */,
				5EAEAB3828513E540029F5DF /* RatingControl.swift */,
			);
			path = Views;
			sourceTree = "<group>";
		};
		5EAEAB3A28513EC80029F5DF /* Views */ = {
			isa = PBXGroup;
			children = (
				5EAEAB3B28513EEC0029F5DF /* MapScreenView.swift */,
			);
			path = Views;
			sourceTree = "<group>";
		};
		98FDF1483D8936B6F3D176D9 /* Frameworks */ = {
			isa = PBXGroup;
			children = (
				0E1B4640FC4F6982B08988DA /* Pods_favplaces.framework */,
			);
			name = Frameworks;
			sourceTree = "<group>";
		};
/* End PBXGroup section */

/* Begin PBXNativeTarget section */
		5EAEAAFB28512EA40029F5DF /* favplaces */ = {
			isa = PBXNativeTarget;
			buildConfigurationList = 5EAEAB1028512EA60029F5DF /* Build configuration list for PBXNativeTarget "favplaces" */;
			buildPhases = (
				6715B6FECFED292CBBC497AB /* [CP] Check Pods Manifest.lock */,
				5EAEAAF828512EA40029F5DF /* Sources */,
				5EAEAAF928512EA40029F5DF /* Frameworks */,
				5EAEAAFA28512EA40029F5DF /* Resources */,
				C4878F30AEA05055772DFBB5 /* [CP] Embed Pods Frameworks */,
			);
			buildRules = (
			);
			dependencies = (
			);
			name = favplaces;
			productName = favplaces;
			productReference = 5EAEAAFC28512EA40029F5DF /* favplaces.app */;
			productType = "com.apple.product-type.application";
		};
/* End PBXNativeTarget section */

/* Begin PBXProject section */
		5EAEAAF428512EA40029F5DF /* Project object */ = {
			isa = PBXProject;
			attributes = {
				BuildIndependentTargetsInParallel = 1;
				LastSwiftUpdateCheck = 1340;
				LastUpgradeCheck = 1340;
				TargetAttributes = {
					5EAEAAFB28512EA40029F5DF = {
						CreatedOnToolsVersion = 13.4.1;
					};
				};
			};
			buildConfigurationList = 5EAEAAF728512EA40029F5DF /* Build configuration list for PBXProject "favplaces" */;
			compatibilityVersion = "Xcode 13.0";
			developmentRegion = en;
			hasScannedForEncodings = 0;
			knownRegions = (
				en,
				Base,
			);
			mainGroup = 5EAEAAF328512EA40029F5DF;
			productRefGroup = 5EAEAAFD28512EA40029F5DF /* Products */;
			projectDirPath = "";
			projectRoot = "";
			targets = (
				5EAEAAFB28512EA40029F5DF /* favplaces */,
			);
		};
/* End PBXProject section */

/* Begin PBXResourcesBuildPhase section */
		5EAEAAFA28512EA40029F5DF /* Resources */ = {
			isa = PBXResourcesBuildPhase;
			buildActionMask = 2147483647;
			files = (
				5EAEAB0C28512EA60029F5DF /* LaunchScreen.storyboard in Resources */,
				5EAEAB0928512EA60029F5DF /* Assets.xcassets in Resources */,
			);
			runOnlyForDeploymentPostprocessing = 0;
		};
/* End PBXResourcesBuildPhase section */

/* Begin PBXShellScriptBuildPhase section */
		6715B6FECFED292CBBC497AB /* [CP] Check Pods Manifest.lock */ = {
			isa = PBXShellScriptBuildPhase;
			buildActionMask = 2147483647;
			files = (
			);
			inputFileListPaths = (
			);
			inputPaths = (
				"${PODS_PODFILE_DIR_PATH}/Podfile.lock",
				"${PODS_ROOT}/Manifest.lock",
			);
			name = "[CP] Check Pods Manifest.lock";
			outputFileListPaths = (
			);
			outputPaths = (
				"$(DERIVED_FILE_DIR)/Pods-favplaces-checkManifestLockResult.txt",
			);
			runOnlyForDeploymentPostprocessing = 0;
			shellPath = /bin/sh;
			shellScript = "diff \"${PODS_PODFILE_DIR_PATH}/Podfile.lock\" \"${PODS_ROOT}/Manifest.lock\" > /dev/null\nif [ $? != 0 ] ; then\n    # print error to STDERR\n    echo \"error: The sandbox is not in sync with the Podfile.lock. Run 'pod install' or update your CocoaPods installation.\" >&2\n    exit 1\nfi\n# This output is used by Xcode 'outputs' to avoid re-running this script phase.\necho \"SUCCESS\" > \"${SCRIPT_OUTPUT_FILE_0}\"\n";
			showEnvVarsInLog = 0;
		};
		C4878F30AEA05055772DFBB5 /* [CP] Embed Pods Frameworks */ = {
			isa = PBXShellScriptBuildPhase;
			buildActionMask = 2147483647;
			files = (
			);
			inputFileListPaths = (
				"${PODS_ROOT}/Target Support Files/Pods-favplaces/Pods-favplaces-frameworks-${CONFIGURATION}-input-files.xcfilelist",
			);
			name = "[CP] Embed Pods Frameworks";
			outputFileListPaths = (
				"${PODS_ROOT}/Target Support Files/Pods-favplaces/Pods-favplaces-frameworks-${CONFIGURATION}-output-files.xcfilelist",
			);
			runOnlyForDeploymentPostprocessing = 0;
			shellPath = /bin/sh;
			shellScript = "\"${PODS_ROOT}/Target Support Files/Pods-favplaces/Pods-favplaces-frameworks.sh\"\n";
			showEnvVarsInLog = 0;
		};
/* End PBXShellScriptBuildPhase section */

/* Begin PBXSourcesBuildPhase section */
		5EAEAAF828512EA40029F5DF /* Sources */ = {
			isa = PBXSourcesBuildPhase;
			buildActionMask = 2147483647;
			files = (
				5EAEAB3928513E550029F5DF /* RatingControl.swift in Sources */,
				5EAEAB2C28513D6C0029F5DF /* MainScreenTableViewCell.swift in Sources */,
				5EAEAB0028512EA40029F5DF /* AppDelegate.swift in Sources */,
				5EAEAB3128513E000029F5DF /* PlaceView.swift in Sources */,
				5EAEAB4828513FFA0029F5DF /* MapManager.swift in Sources */,
				5EAEAB0228512EA40029F5DF /* SceneDelegate.swift in Sources */,
				5EAEAB4428513F9C0029F5DF /* FilterSettingsViewController.swift in Sources */,
				5EAEAB4028513F300029F5DF /* MapScreenViewModel.swift in Sources */,
				5EAEAB3528513E2F0029F5DF /* PlaceViewModel.swift in Sources */,
				5EAEAB4E2851406E0029F5DF /* MainScreenViewController + Extension.swift in Sources */,
				5EAEAB3C28513EEC0029F5DF /* MapScreenView.swift in Sources */,
				5EAEAB2828513D2F0029F5DF /* MainScreenViewController.swift in Sources */,
				5EAEAB2E28513D830029F5DF /* MainScreenView.swift in Sources */,
				5EAEAB2428513D070029F5DF /* MainScreenModel.swift in Sources */,
				5EAEAB3728513E3E0029F5DF /* PlaceViewController.swift in Sources */,
				5EAEAB3328513E240029F5DF /* PlaceModel.swift in Sources */,
				5EAEAB1E28513C9F0029F5DF /* DBObject.swift in Sources */,
				5EAEAB1B28513C7C0029F5DF /* Repository.swift in Sources */,
				5EAEAB4A285140320029F5DF /* UIStackView + Extension.swift in Sources */,
				5EAEAB4C2851404C0029F5DF /* PlaceViewController + Extension.swift in Sources */,
				5EAEAB3E28513F160029F5DF /* MapScreenModel.swift in Sources */,
				5EAEAB4628513FD70029F5DF /* RealmManager.swift in Sources */,
				5EAEAB2628513D150029F5DF /* MainScreenViewModel.swift in Sources */,
				5EAEAB4228513F410029F5DF /* MapScreenViewController.swift in Sources */,
			);
			runOnlyForDeploymentPostprocessing = 0;
		};
/* End PBXSourcesBuildPhase section */

/* Begin PBXVariantGroup section */
		5EAEAB0A28512EA60029F5DF /* LaunchScreen.storyboard */ = {
			isa = PBXVariantGroup;
			children = (
				5EAEAB0B28512EA60029F5DF /* Base */,
			);
			name = LaunchScreen.storyboard;
			sourceTree = "<group>";
		};
/* End PBXVariantGroup section */

/* Begin XCBuildConfiguration section */
		5EAEAB0E28512EA60029F5DF /* Debug */ = {
			isa = XCBuildConfiguration;
			buildSettings = {
				ALWAYS_SEARCH_USER_PATHS = NO;
				CLANG_ANALYZER_NONNULL = YES;
				CLANG_ANALYZER_NUMBER_OBJECT_CONVERSION = YES_AGGRESSIVE;
				CLANG_CXX_LANGUAGE_STANDARD = "gnu++17";
				CLANG_ENABLE_MODULES = YES;
				CLANG_ENABLE_OBJC_ARC = YES;
				CLANG_ENABLE_OBJC_WEAK = YES;
				CLANG_WARN_BLOCK_CAPTURE_AUTORELEASING = YES;
				CLANG_WARN_BOOL_CONVERSION = YES;
				CLANG_WARN_COMMA = YES;
				CLANG_WARN_CONSTANT_CONVERSION = YES;
				CLANG_WARN_DEPRECATED_OBJC_IMPLEMENTATIONS = YES;
				CLANG_WARN_DIRECT_OBJC_ISA_USAGE = YES_ERROR;
				CLANG_WARN_DOCUMENTATION_COMMENTS = YES;
				CLANG_WARN_EMPTY_BODY = YES;
				CLANG_WARN_ENUM_CONVERSION = YES;
				CLANG_WARN_INFINITE_RECURSION = YES;
				CLANG_WARN_INT_CONVERSION = YES;
				CLANG_WARN_NON_LITERAL_NULL_CONVERSION = YES;
				CLANG_WARN_OBJC_IMPLICIT_RETAIN_SELF = YES;
				CLANG_WARN_OBJC_LITERAL_CONVERSION = YES;
				CLANG_WARN_OBJC_ROOT_CLASS = YES_ERROR;
				CLANG_WARN_QUOTED_INCLUDE_IN_FRAMEWORK_HEADER = YES;
				CLANG_WARN_RANGE_LOOP_ANALYSIS = YES;
				CLANG_WARN_STRICT_PROTOTYPES = YES;
				CLANG_WARN_SUSPICIOUS_MOVE = YES;
				CLANG_WARN_UNGUARDED_AVAILABILITY = YES_AGGRESSIVE;
				CLANG_WARN_UNREACHABLE_CODE = YES;
				CLANG_WARN__DUPLICATE_METHOD_MATCH = YES;
				COPY_PHASE_STRIP = NO;
				DEBUG_INFORMATION_FORMAT = dwarf;
				ENABLE_STRICT_OBJC_MSGSEND = YES;
				ENABLE_TESTABILITY = YES;
				GCC_C_LANGUAGE_STANDARD = gnu11;
				GCC_DYNAMIC_NO_PIC = NO;
				GCC_NO_COMMON_BLOCKS = YES;
				GCC_OPTIMIZATION_LEVEL = 0;
				GCC_PREPROCESSOR_DEFINITIONS = (
					"DEBUG=1",
					"$(inherited)",
				);
				GCC_WARN_64_TO_32_BIT_CONVERSION = YES;
				GCC_WARN_ABOUT_RETURN_TYPE = YES_ERROR;
				GCC_WARN_UNDECLARED_SELECTOR = YES;
				GCC_WARN_UNINITIALIZED_AUTOS = YES_AGGRESSIVE;
				GCC_WARN_UNUSED_FUNCTION = YES;
				GCC_WARN_UNUSED_VARIABLE = YES;
				IPHONEOS_DEPLOYMENT_TARGET = 15.5;
				MTL_ENABLE_DEBUG_INFO = INCLUDE_SOURCE;
				MTL_FAST_MATH = YES;
				ONLY_ACTIVE_ARCH = YES;
				SDKROOT = iphoneos;
				SWIFT_ACTIVE_COMPILATION_CONDITIONS = DEBUG;
				SWIFT_OPTIMIZATION_LEVEL = "-Onone";
			};
			name = Debug;
		};
		5EAEAB0F28512EA60029F5DF /* Release */ = {
			isa = XCBuildConfiguration;
			buildSettings = {
				ALWAYS_SEARCH_USER_PATHS = NO;
				CLANG_ANALYZER_NONNULL = YES;
				CLANG_ANALYZER_NUMBER_OBJECT_CONVERSION = YES_AGGRESSIVE;
				CLANG_CXX_LANGUAGE_STANDARD = "gnu++17";
				CLANG_ENABLE_MODULES = YES;
				CLANG_ENABLE_OBJC_ARC = YES;
				CLANG_ENABLE_OBJC_WEAK = YES;
				CLANG_WARN_BLOCK_CAPTURE_AUTORELEASING = YES;
				CLANG_WARN_BOOL_CONVERSION = YES;
				CLANG_WARN_COMMA = YES;
				CLANG_WARN_CONSTANT_CONVERSION = YES;
				CLANG_WARN_DEPRECATED_OBJC_IMPLEMENTATIONS = YES;
				CLANG_WARN_DIRECT_OBJC_ISA_USAGE = YES_ERROR;
				CLANG_WARN_DOCUMENTATION_COMMENTS = YES;
				CLANG_WARN_EMPTY_BODY = YES;
				CLANG_WARN_ENUM_CONVERSION = YES;
				CLANG_WARN_INFINITE_RECURSION = YES;
				CLANG_WARN_INT_CONVERSION = YES;
				CLANG_WARN_NON_LITERAL_NULL_CONVERSION = YES;
				CLANG_WARN_OBJC_IMPLICIT_RETAIN_SELF = YES;
				CLANG_WARN_OBJC_LITERAL_CONVERSION = YES;
				CLANG_WARN_OBJC_ROOT_CLASS = YES_ERROR;
				CLANG_WARN_QUOTED_INCLUDE_IN_FRAMEWORK_HEADER = YES;
				CLANG_WARN_RANGE_LOOP_ANALYSIS = YES;
				CLANG_WARN_STRICT_PROTOTYPES = YES;
				CLANG_WARN_SUSPICIOUS_MOVE = YES;
				CLANG_WARN_UNGUARDED_AVAILABILITY = YES_AGGRESSIVE;
				CLANG_WARN_UNREACHABLE_CODE = YES;
				CLANG_WARN__DUPLICATE_METHOD_MATCH = YES;
				COPY_PHASE_STRIP = NO;
				DEBUG_INFORMATION_FORMAT = "dwarf-with-dsym";
				ENABLE_NS_ASSERTIONS = NO;
				ENABLE_STRICT_OBJC_MSGSEND = YES;
				GCC_C_LANGUAGE_STANDARD = gnu11;
				GCC_NO_COMMON_BLOCKS = YES;
				GCC_WARN_64_TO_32_BIT_CONVERSION = YES;
				GCC_WARN_ABOUT_RETURN_TYPE = YES_ERROR;
				GCC_WARN_UNDECLARED_SELECTOR = YES;
				GCC_WARN_UNINITIALIZED_AUTOS = YES_AGGRESSIVE;
				GCC_WARN_UNUSED_FUNCTION = YES;
				GCC_WARN_UNUSED_VARIABLE = YES;
				IPHONEOS_DEPLOYMENT_TARGET = 15.5;
				MTL_ENABLE_DEBUG_INFO = NO;
				MTL_FAST_MATH = YES;
				SDKROOT = iphoneos;
				SWIFT_COMPILATION_MODE = wholemodule;
				SWIFT_OPTIMIZATION_LEVEL = "-O";
				VALIDATE_PRODUCT = YES;
			};
			name = Release;
		};
		5EAEAB1128512EA60029F5DF /* Debug */ = {
			isa = XCBuildConfiguration;
			baseConfigurationReference = 5D28975974787722CC575B5C /* Pods-favplaces.debug.xcconfig */;
			buildSettings = {
				ASSETCATALOG_COMPILER_APPICON_NAME = AppIcon;
				ASSETCATALOG_COMPILER_GLOBAL_ACCENT_COLOR_NAME = AccentColor;
				CODE_SIGN_STYLE = Automatic;
				CURRENT_PROJECT_VERSION = 1;
				DEVELOPMENT_TEAM = KSGY463497;
				GENERATE_INFOPLIST_FILE = YES;
				INFOPLIST_FILE = favplaces/Info.plist;
				INFOPLIST_KEY_UIApplicationSupportsIndirectInputEvents = YES;
				INFOPLIST_KEY_UILaunchStoryboardName = LaunchScreen;
				INFOPLIST_KEY_UISupportedInterfaceOrientations_iPad = "UIInterfaceOrientationPortrait UIInterfaceOrientationPortraitUpsideDown UIInterfaceOrientationLandscapeLeft UIInterfaceOrientationLandscapeRight";
				INFOPLIST_KEY_UISupportedInterfaceOrientations_iPhone = "UIInterfaceOrientationPortrait UIInterfaceOrientationLandscapeLeft UIInterfaceOrientationLandscapeRight";
				IPHONEOS_DEPLOYMENT_TARGET = 14.0;
				LD_RUNPATH_SEARCH_PATHS = (
					"$(inherited)",
					"@executable_path/Frameworks",
				);
				MARKETING_VERSION = 1.0;
				PRODUCT_BUNDLE_IDENTIFIER = yardman.com.by.favplaces;
				PRODUCT_NAME = "$(TARGET_NAME)";
				SWIFT_EMIT_LOC_STRINGS = YES;
				SWIFT_VERSION = 5.0;
				TARGETED_DEVICE_FAMILY = 1;
			};
			name = Debug;
		};
		5EAEAB1228512EA60029F5DF /* Release */ = {
			isa = XCBuildConfiguration;
			baseConfigurationReference = 77CDF24A47ADF4E2D0FBACC8 /* Pods-favplaces.release.xcconfig */;
			buildSettings = {
				ASSETCATALOG_COMPILER_APPICON_NAME = AppIcon;
				ASSETCATALOG_COMPILER_GLOBAL_ACCENT_COLOR_NAME = AccentColor;
				CODE_SIGN_STYLE = Automatic;
				CURRENT_PROJECT_VERSION = 1;
				DEVELOPMENT_TEAM = KSGY463497;
				GENERATE_INFOPLIST_FILE = YES;
				INFOPLIST_FILE = favplaces/Info.plist;
				INFOPLIST_KEY_UIApplicationSupportsIndirectInputEvents = YES;
				INFOPLIST_KEY_UILaunchStoryboardName = LaunchScreen;
				INFOPLIST_KEY_UISupportedInterfaceOrientations_iPad = "UIInterfaceOrientationPortrait UIInterfaceOrientationPortraitUpsideDown UIInterfaceOrientationLandscapeLeft UIInterfaceOrientationLandscapeRight";
				INFOPLIST_KEY_UISupportedInterfaceOrientations_iPhone = "UIInterfaceOrientationPortrait UIInterfaceOrientationLandscapeLeft UIInterfaceOrientationLandscapeRight";
				IPHONEOS_DEPLOYMENT_TARGET = 14.0;
				LD_RUNPATH_SEARCH_PATHS = (
					"$(inherited)",
					"@executable_path/Frameworks",
				);
				MARKETING_VERSION = 1.0;
				PRODUCT_BUNDLE_IDENTIFIER = yardman.com.by.favplaces;
				PRODUCT_NAME = "$(TARGET_NAME)";
				SWIFT_EMIT_LOC_STRINGS = YES;
				SWIFT_VERSION = 5.0;
				TARGETED_DEVICE_FAMILY = 1;
			};
			name = Release;
		};
/* End XCBuildConfiguration section */

/* Begin XCConfigurationList section */
		5EAEAAF728512EA40029F5DF /* Build configuration list for PBXProject "favplaces" */ = {
			isa = XCConfigurationList;
			buildConfigurations = (
				5EAEAB0E28512EA60029F5DF /* Debug */,
				5EAEAB0F28512EA60029F5DF /* Release */,
			);
			defaultConfigurationIsVisible = 0;
			defaultConfigurationName = Release;
		};
		5EAEAB1028512EA60029F5DF /* Build configuration list for PBXNativeTarget "favplaces" */ = {
			isa = XCConfigurationList;
			buildConfigurations = (
				5EAEAB1128512EA60029F5DF /* Debug */,
				5EAEAB1228512EA60029F5DF /* Release */,
			);
			defaultConfigurationIsVisible = 0;
			defaultConfigurationName = Release;
		};
/* End XCConfigurationList section */
	};
	rootObject = 5EAEAAF428512EA40029F5DF /* Project object */;
}
